
Microsoft Visual Studio Solution File, Format Version 12.00
# Visual Studio 15
VisualStudioVersion = 15.0.27130.2027
MinimumVisualStudioVersion = 10.0.40219.1
Project("{FAE04EC0-301F-11D3-BF4B-00C04F79EFBC}") = "Cqs.SampleApp.Console", "Cqs.SampleApp.Console\Cqs.SampleApp.Console.csproj", "{8C73DA64-362F-4149-BB04-D73898201A50}"
EndProject
Project("{FAE04EC0-301F-11D3-BF4B-00C04F79EFBC}") = "Cqs.SampleApp.Core", "Cqs.SampleApp.Core\Cqs.SampleApp.Core.csproj", "{5C0B9487-B273-4738-874B-BD4FA7CDB738}"
EndProject
Global
	GlobalSection(SolutionConfigurationPlatforms) = preSolution
		Debug|Any CPU = Debug|Any CPU
		Release|Any CPU = Release|Any CPU
	EndGlobalSection
	GlobalSection(ProjectConfigurationPlatforms) = postSolution
		{8C73DA64-362F-4149-BB04-D73898201A50}.Debug|Any CPU.ActiveCfg = Debug|Any CPU
		{8C73DA64-362F-4149-BB04-D73898201A50}.Debug|Any CPU.Build.0 = Debug|Any CPU
		{8C73DA64-362F-4149-BB04-D73898201A50}.Release|Any CPU.ActiveCfg = Release|Any CPU
		{8C73DA64-362F-4149-BB04-D73898201A50}.Release|Any CPU.Build.0 = Release|Any CPU
		{5C0B9487-B273-4738-874B-BD4FA7CDB738}.Debug|Any CPU.ActiveCfg = Debug|Any CPU
		{5C0B9487-B273-4738-874B-BD4FA7CDB738}.Debug|Any CPU.Build.0 = Debug|Any CPU
		{5C0B9487-B273-4738-874B-BD4FA7CDB738}.Release|Any CPU.ActiveCfg = Release|Any CPU
		{5C0B9487-B273-4738-874B-BD4FA7CDB738}.Release|Any CPU.Build.0 = Release|Any CPU
	EndGlobalSection
	GlobalSection(SolutionProperties) = preSolution
		HideSolutionNode = FALSE
	EndGlobalSection
	GlobalSection(ExtensibilityGlobals) = postSolution
		SolutionGuid = {5F5EECF7-31DD-4C44-BB3E-38A17C71D320}
	EndGlobalSection
EndGlobal
